github.com/cloudfoundry/gosigar v1.3.4 h1:T3MoGdugg1vdHn8Az7wDn7cZ4+QCjZph+eXf2CjSjo4=
github.com/cloudfoundry/gosigar v1.3.4/go.mod h1:g9r7ETZ1tpvJCT9TpqxO53+5BUZiM2FDSFSENzjK5Z8=
github.com/davecgh/go-spew v1.1.0 h1:ZDRjVQ15GmhC3fiQ8ni8+OwkZQO4DARzQgrnXU1Liz8=
github.com/onsi/ginkgo v1.2.1-0.20160409220416-2c2e9bb47b4e h1:IMj5WMpYeLyqT/sJnXJJ3Ze/7qoDXc/TJbKaIY8RRBA=
github.com/onsi/gomega v1.2.0 h1:tQjc4uvqBp0z424R9V/S2L18penoUiwZftoY0t48IZ4=
github.com/pkg/errors v0.9.1 h1:FEBLx1zS214owpjy7qsBeixbURkuhQAwrK5UwLGTwt4=
github.com/pkg/errors v0.9.1/go.mod h1:bwawxfHBFNV+L2hUp1rHADufV3IMtnDRdf1r5NINEl0=
github.com/pmezard/go-difflib v1.0.0 h1:4DBwDE0NGyQoBHbLQYPwSUPoCMWR5BEzIk/f1lZbAQM=
github.com/stretchr/testify v1.1.4 h1:ToftOQTytwshuOSj6bDSolVUa3GINfJP/fg3OkkOzQQ=
golang.org/x/net v0.0.0-20171107184841-a337091b0525 h1:KtEW9ll78DlakrUaoIv2p6oozE+wN/abax8yB4Y8+Fs=
golang.org/x/sys v0.0.0-20220520151302-bc2c85ada10a h1:dGzPydgVsqGcTRVwiLJ1jVbufYwmzD3LfVPLKsKg+0k=
golang.org/x/sys v0.0.0-20220520151302-bc2c85ada10a/go.mod h1:oPkhp1MJrh7nUepCBck5+mAzfO9JrbApNNgaTdGDITg=
golang.org/x/text v0.1.1-0.20171102192421-88f656faf3f3 h1:OxMYHd6bm+jH+TI7NBCb/CaYk6pMJnBC8GIzIi68Hk4=
gopkg.in/yaml.v2 v2.0.0-20170812160011-eb3733d160e7 h1:+t9dhfO+GNOIGJof6kPOAenx7YgrZMTdRPV+EsnPabk=
